
Microsoft Visual Studio Solution File, Format Version 12.00
# Visual Studio Version 17
VisualStudioVersion = 17.11.35312.102
MinimumVisualStudioVersion = 10.0.40219.1
Project("{9A19103F-16F7-4668-BE54-9A1E7A4F7556}") = "Udemy.Course.Lambda", "Udemy.Course.Lambda\Udemy.Course.Lambda.csproj", "{38BE82BE-319B-40ED-AFD9-53C68BE61D61}"
EndProject
Project("{9A19103F-16F7-4668-BE54-9A1E7A4F7556}") = "Udemy.Course.Lambda-Annotations", "Udemy.Course.Lambda-Annotations\Udemy.Course.Lambda-Annotations.csproj", "{44DBC8F9-3F09-4752-8234-953A3182EA13}"
EndProject
Project("{9A19103F-16F7-4668-BE54-9A1E7A4F7556}") = "Udemy.Course.SQS-Trigger", "Udemy.Course.SQS-Trigger\Udemy.Course.SQS-Trigger.csproj", "{92A116C0-24D1-4B11-A588-90D32710E4FB}"
EndProject
Project("{9A19103F-16F7-4668-BE54-9A1E7A4F7556}") = "Udemy.Course.SNS-Trigger", "Udemy.Course.SNS-Trigger\Udemy.Course.SNS-Trigger.csproj", "{3DE77B03-52D4-45DB-8D6D-2439A01044FE}"
EndProject
Project("{9A19103F-16F7-4668-BE54-9A1E7A4F7556}") = "Udemy.Course.LifeTimeSample", "Udemy.Course.LifeTimeSample\Udemy.Course.LifeTimeSample.csproj", "{F29CE76C-4C5C-4AB8-AE91-1E940F2C75B2}"
EndProject
Global
	GlobalSection(SolutionConfigurationPlatforms) = preSolution
		Debug|Any CPU = Debug|Any CPU
		Release|Any CPU = Release|Any CPU
	EndGlobalSection
	GlobalSection(ProjectConfigurationPlatforms) = postSolution
		{38BE82BE-319B-40ED-AFD9-53C68BE61D61}.Debug|Any CPU.ActiveCfg = Debug|Any CPU
		{38BE82BE-319B-40ED-AFD9-53C68BE61D61}.Debug|Any CPU.Build.0 = Debug|Any CPU
		{38BE82BE-319B-40ED-AFD9-53C68BE61D61}.Release|Any CPU.ActiveCfg = Release|Any CPU
		{38BE82BE-319B-40ED-AFD9-53C68BE61D61}.Release|Any CPU.Build.0 = Release|Any CPU
		{44DBC8F9-3F09-4752-8234-953A3182EA13}.Debug|Any CPU.ActiveCfg = Debug|Any CPU
		{44DBC8F9-3F09-4752-8234-953A3182EA13}.Debug|Any CPU.Build.0 = Debug|Any CPU
		{44DBC8F9-3F09-4752-8234-953A3182EA13}.Release|Any CPU.ActiveCfg = Release|Any CPU
		{44DBC8F9-3F09-4752-8234-953A3182EA13}.Release|Any CPU.Build.0 = Release|Any CPU
		{92A116C0-24D1-4B11-A588-90D32710E4FB}.Debug|Any CPU.ActiveCfg = Debug|Any CPU
		{92A116C0-24D1-4B11-A588-90D32710E4FB}.Debug|Any CPU.Build.0 = Debug|Any CPU
		{92A116C0-24D1-4B11-A588-90D32710E4FB}.Release|Any CPU.ActiveCfg = Release|Any CPU
		{92A116C0-24D1-4B11-A588-90D32710E4FB}.Release|Any CPU.Build.0 = Release|Any CPU
		{3DE77B03-52D4-45DB-8D6D-2439A01044FE}.Debug|Any CPU.ActiveCfg = Debug|Any CPU
		{3DE77B03-52D4-45DB-8D6D-2439A01044FE}.Debug|Any CPU.Build.0 = Debug|Any CPU
		{3DE77B03-52D4-45DB-8D6D-2439A01044FE}.Release|Any CPU.ActiveCfg = Release|Any CPU
		{3DE77B03-52D4-45DB-8D6D-2439A01044FE}.Release|Any CPU.Build.0 = Release|Any CPU
		{F29CE76C-4C5C-4AB8-AE91-1E940F2C75B2}.Debug|Any CPU.ActiveCfg = Debug|Any CPU
		{F29CE76C-4C5C-4AB8-AE91-1E940F2C75B2}.Debug|Any CPU.Build.0 = Debug|Any CPU
		{F29CE76C-4C5C-4AB8-AE91-1E940F2C75B2}.Release|Any CPU.ActiveCfg = Release|Any CPU
		{F29CE76C-4C5C-4AB8-AE91-1E940F2C75B2}.Release|Any CPU.Build.0 = Release|Any CPU
	EndGlobalSection
	GlobalSection(SolutionProperties) = preSolution
		HideSolutionNode = FALSE
	EndGlobalSection
	GlobalSection(ExtensibilityGlobals) = postSolution
		SolutionGuid = {746D3388-D6EE-4E10-9F37-DB85ABDAF820}
	EndGlobalSection
EndGlobal
